PODS:
  - easy_3d_viewer (0.0.1):
    - Flutter
  - Flutter (1.0.0)

DEPENDENCIES:
  - easy_3d_viewer (from `.symlinks/plugins/easy_3d_viewer/ios`)
  - Flutter (from `Flutter`)

EXTERNAL SOURCES:
  easy_3d_viewer:
    :path: ".symlinks/plugins/easy_3d_viewer/ios"
  Flutter:
    :path: Flutter

SPEC CHECKSUMS:
  easy_3d_viewer: 52e6a9beab48f45fefbb58f042981f49a233cdc5
  Flutter: 434fef37c0980e73bb6479ef766c45957d4b510c

PODFILE CHECKSUM: aafe91acc616949ddb318b77800a7f51bffa2a4c

COCOAPODS: 1.10.0
